
Microsoft Visual Studio Solution File, Format Version 12.00
# Visual Studio Version 17
VisualStudioVersion = 17.7.34031.279
MinimumVisualStudioVersion = 10.0.40219.1
Project("{FAE04EC0-301F-11D3-BF4B-00C04F79EFBC}") = "MaxNumberOfPrizes", "MaxNumberOfPrizes\MaxNumberOfPrizes.csproj", "{430295DC-670F-43E1-9F10-36AF361018C6}"
EndProject
Global
	GlobalSection(SolutionConfigurationPlatforms) = preSolution
		Debug|Any CPU = Debug|Any CPU
		Release|Any CPU = Release|Any CPU
	EndGlobalSection
	GlobalSection(ProjectConfigurationPlatforms) = postSolution
		{430295DC-670F-43E1-9F10-36AF361018C6}.Debug|Any CPU.ActiveCfg = Debug|Any CPU
		{430295DC-670F-43E1-9F10-36AF361018C6}.Debug|Any CPU.Build.0 = Debug|Any CPU
		{430295DC-670F-43E1-9F10-36AF361018C6}.Release|Any CPU.ActiveCfg = Release|Any CPU
		{430295DC-670F-43E1-9F10-36AF361018C6}.Release|Any CPU.Build.0 = Release|Any CPU
	EndGlobalSection
	GlobalSection(SolutionProperties) = preSolution
		HideSolutionNode = FALSE
	EndGlobalSection
	GlobalSection(ExtensibilityGlobals) = postSolution
		SolutionGuid = {498E2AC1-86B6-4925-8B0E-E2ED682F1761}
	EndGlobalSection
EndGlobal
