
Microsoft Visual Studio Solution File, Format Version 12.00
# Visual Studio Version 17
VisualStudioVersion = 17.7.34031.279
MinimumVisualStudioVersion = 10.0.40219.1
Project("{FAE04EC0-301F-11D3-BF4B-00C04F79EFBC}") = "Fibo", "Fibo\Fibo.csproj", "{07CE650A-F439-46C0-B3D2-AF2706968776}"
EndProject
Global
	GlobalSection(SolutionConfigurationPlatforms) = preSolution
		Debug|Any CPU = Debug|Any CPU
		Release|Any CPU = Release|Any CPU
	EndGlobalSection
	GlobalSection(ProjectConfigurationPlatforms) = postSolution
		{07CE650A-F439-46C0-B3D2-AF2706968776}.Debug|Any CPU.ActiveCfg = Debug|Any CPU
		{07CE650A-F439-46C0-B3D2-AF2706968776}.Debug|Any CPU.Build.0 = Debug|Any CPU
		{07CE650A-F439-46C0-B3D2-AF2706968776}.Release|Any CPU.ActiveCfg = Release|Any CPU
		{07CE650A-F439-46C0-B3D2-AF2706968776}.Release|Any CPU.Build.0 = Release|Any CPU
	EndGlobalSection
	GlobalSection(SolutionProperties) = preSolution
		HideSolutionNode = FALSE
	EndGlobalSection
	GlobalSection(ExtensibilityGlobals) = postSolution
		SolutionGuid = {F573090D-850A-4FA5-80CB-412832C0724B}
	EndGlobalSection
EndGlobal
