
Microsoft Visual Studio Solution File, Format Version 12.00
# Visual Studio Version 17
VisualStudioVersion = 17.7.34031.279
MinimumVisualStudioVersion = 10.0.40219.1
Project("{FAE04EC0-301F-11D3-BF4B-00C04F79EFBC}") = "PrimitiveCalculator", "PrimitiveCalculator\PrimitiveCalculator.csproj", "{D158266D-6830-47DC-B9B4-6D355C0C9B2A}"
EndProject
Global
	GlobalSection(SolutionConfigurationPlatforms) = preSolution
		Debug|Any CPU = Debug|Any CPU
		Release|Any CPU = Release|Any CPU
	EndGlobalSection
	GlobalSection(ProjectConfigurationPlatforms) = postSolution
		{D158266D-6830-47DC-B9B4-6D355C0C9B2A}.Debug|Any CPU.ActiveCfg = Debug|Any CPU
		{D158266D-6830-47DC-B9B4-6D355C0C9B2A}.Debug|Any CPU.Build.0 = Debug|Any CPU
		{D158266D-6830-47DC-B9B4-6D355C0C9B2A}.Release|Any CPU.ActiveCfg = Release|Any CPU
		{D158266D-6830-47DC-B9B4-6D355C0C9B2A}.Release|Any CPU.Build.0 = Release|Any CPU
	EndGlobalSection
	GlobalSection(SolutionProperties) = preSolution
		HideSolutionNode = FALSE
	EndGlobalSection
	GlobalSection(ExtensibilityGlobals) = postSolution
		SolutionGuid = {7AD8FFD0-882C-4503-9BEC-3076C668CFF9}
	EndGlobalSection
EndGlobal
