
Microsoft Visual Studio Solution File, Format Version 12.00
# Visual Studio Version 17
VisualStudioVersion = 17.7.34031.279
MinimumVisualStudioVersion = 10.0.40219.1
Project("{FAE04EC0-301F-11D3-BF4B-00C04F79EFBC}") = "MoneyChange", "MoneyChange\MoneyChange.csproj", "{01B2ECE7-1CA3-441A-923D-0EA6A60C452C}"
EndProject
Global
	GlobalSection(SolutionConfigurationPlatforms) = preSolution
		Debug|Any CPU = Debug|Any CPU
		Release|Any CPU = Release|Any CPU
	EndGlobalSection
	GlobalSection(ProjectConfigurationPlatforms) = postSolution
		{01B2ECE7-1CA3-441A-923D-0EA6A60C452C}.Debug|Any CPU.ActiveCfg = Debug|Any CPU
		{01B2ECE7-1CA3-441A-923D-0EA6A60C452C}.Debug|Any CPU.Build.0 = Debug|Any CPU
		{01B2ECE7-1CA3-441A-923D-0EA6A60C452C}.Release|Any CPU.ActiveCfg = Release|Any CPU
		{01B2ECE7-1CA3-441A-923D-0EA6A60C452C}.Release|Any CPU.Build.0 = Release|Any CPU
	EndGlobalSection
	GlobalSection(SolutionProperties) = preSolution
		HideSolutionNode = FALSE
	EndGlobalSection
	GlobalSection(ExtensibilityGlobals) = postSolution
		SolutionGuid = {FA84E122-83EF-4BB8-8E01-99D959FD61F8}
	EndGlobalSection
EndGlobal
