
Microsoft Visual Studio Solution File, Format Version 12.00
# Visual Studio Version 17
VisualStudioVersion = 17.7.34031.279
MinimumVisualStudioVersion = 10.0.40219.1
Project("{FAE04EC0-301F-11D3-BF4B-00C04F79EFBC}") = "MonetChange", "MonetChange\MonetChange.csproj", "{5DC1C1F8-2729-4D0D-9E5A-C72D097116FB}"
EndProject
Global
	GlobalSection(SolutionConfigurationPlatforms) = preSolution
		Debug|Any CPU = Debug|Any CPU
		Release|Any CPU = Release|Any CPU
	EndGlobalSection
	GlobalSection(ProjectConfigurationPlatforms) = postSolution
		{5DC1C1F8-2729-4D0D-9E5A-C72D097116FB}.Debug|Any CPU.ActiveCfg = Debug|Any CPU
		{5DC1C1F8-2729-4D0D-9E5A-C72D097116FB}.Debug|Any CPU.Build.0 = Debug|Any CPU
		{5DC1C1F8-2729-4D0D-9E5A-C72D097116FB}.Release|Any CPU.ActiveCfg = Release|Any CPU
		{5DC1C1F8-2729-4D0D-9E5A-C72D097116FB}.Release|Any CPU.Build.0 = Release|Any CPU
	EndGlobalSection
	GlobalSection(SolutionProperties) = preSolution
		HideSolutionNode = FALSE
	EndGlobalSection
	GlobalSection(ExtensibilityGlobals) = postSolution
		SolutionGuid = {BFD2AA7E-1C3B-43CD-9325-2376FA6C7429}
	EndGlobalSection
EndGlobal
